
Microsoft Visual Studio Solution File, Format Version 12.00
# Visual Studio 14
VisualStudioVersion = 14.0.25123.0
MinimumVisualStudioVersion = 10.0.40219.1
Project("{FAE04EC0-301F-11D3-BF4B-00C04F79EFBC}") = "SampleUpload", "SampleUpload\SampleUpload.csproj", "{B31FB623-A28E-4469-BE87-E0ED4C348194}"
EndProject
Global
	GlobalSection(SolutionConfigurationPlatforms) = preSolution
		Debug|Any CPU = Debug|Any CPU
		Release|Any CPU = Release|Any CPU
	EndGlobalSection
	GlobalSection(ProjectConfigurationPlatforms) = postSolution
		{B31FB623-A28E-4469-BE87-E0ED4C348194}.Debug|Any CPU.ActiveCfg = Debug|Any CPU
		{B31FB623-A28E-4469-BE87-E0ED4C348194}.Debug|Any CPU.Build.0 = Debug|Any CPU
		{B31FB623-A28E-4469-BE87-E0ED4C348194}.Release|Any CPU.ActiveCfg = Release|Any CPU
		{B31FB623-A28E-4469-BE87-E0ED4C348194}.Release|Any CPU.Build.0 = Release|Any CPU
	EndGlobalSection
	GlobalSection(SolutionProperties) = preSolution
		HideSolutionNode = FALSE
	EndGlobalSection
EndGlobal
